// !$*UTF8*$!
{
	archiveVersion = 1;
	classes = {
	};
	objectVersion = 46;
	objects = {

/* Begin PBXBuildFile section */
		1103869B142668B800906B82 /* UIKit.framework in Frameworks */ = {isa = PBXBuildFile; fileRef = 1103869A142668B800906B82 /* UIKit.framework */; };
		1103869D142668B800906B82 /* Foundation.framework in Frameworks */ = {isa = PBXBuildFile; fileRef = 1103869C142668B800906B82 /* Foundation.framework */; };
		1103869F142668B800906B82 /* CoreGraphics.framework in Frameworks */ = {isa = PBXBuildFile; fileRef = 1103869E142668B800906B82 /* CoreGraphics.framework */; };
		110386A5142668B800906B82 /* InfoPlist.strings in Resources */ = {isa = PBXBuildFile; fileRef = 110386A3142668B800906B82 /* InfoPlist.strings */; };
		110386A8142668B800906B82 /* main.m in Sources */ = {isa = PBXBuildFile; fileRef = 110386A7142668B800906B82 /* main.m */; };
		110386AB142668B800906B82 /* DemonstratorIOOS2011AppDelegate.m in Sources */ = {isa = PBXBuildFile; fileRef = 110386AA142668B800906B82 /* DemonstratorIOOS2011AppDelegate.m */; };
		110386AE142668B800906B82 /* MainWindow.xib in Resources */ = {isa = PBXBuildFile; fileRef = 110386AC142668B800906B82 /* MainWindow.xib */; };
		110386B1142668B900906B82 /* FirstViewController.m in Sources */ = {isa = PBXBuildFile; fileRef = 110386B0142668B900906B82 /* FirstViewController.m */; };
		110386B4142668B900906B82 /* SecondViewController.m in Sources */ = {isa = PBXBuildFile; fileRef = 110386B3142668B900906B82 /* SecondViewController.m */; };
		110386B7142668B900906B82 /* FirstView.xib in Resources */ = {isa = PBXBuildFile; fileRef = 110386B5142668B900906B82 /* FirstView.xib */; };
		110386BA142668B900906B82 /* SecondView.xib in Resources */ = {isa = PBXBuildFile; fileRef = 110386B8142668B900906B82 /* SecondView.xib */; };
		110386C1142668B900906B82 /* UIKit.framework in Frameworks */ = {isa = PBXBuildFile; fileRef = 1103869A142668B800906B82 /* UIKit.framework */; };
		110386C2142668B900906B82 /* Foundation.framework in Frameworks */ = {isa = PBXBuildFile; fileRef = 1103869C142668B800906B82 /* Foundation.framework */; };
		110386C3142668B900906B82 /* CoreGraphics.framework in Frameworks */ = {isa = PBXBuildFile; fileRef = 1103869E142668B800906B82 /* CoreGraphics.framework */; };
		110386CB142668B900906B82 /* InfoPlist.strings in Resources */ = {isa = PBXBuildFile; fileRef = 110386C9142668B900906B82 /* InfoPlist.strings */; };
		110386CE142668B900906B82 /* DemonstratorIOOS2011Tests.h in Resources */ = {isa = PBXBuildFile; fileRef = 110386CD142668B900906B82 /* DemonstratorIOOS2011Tests.h */; };
		110386D0142668B900906B82 /* DemonstratorIOOS2011Tests.m in Sources */ = {isa = PBXBuildFile; fileRef = 110386CF142668B900906B82 /* DemonstratorIOOS2011Tests.m */; };
		110386E414266C5D00906B82 /* ICON.png in Resources */ = {isa = PBXBuildFile; fileRef = 110386E314266C5D00906B82 /* ICON.png */; };
		110386E614266C9A00906B82 /* Default-Portrait~ipad.png in Resources */ = {isa = PBXBuildFile; fileRef = 110386E514266C9A00906B82 /* Default-Portrait~ipad.png */; };
		110386E8142670EE00906B82 /* move.png in Resources */ = {isa = PBXBuildFile; fileRef = 110386E7142670EE00906B82 /* move.png */; };
		110386EA142670F200906B82 /* monitor.png in Resources */ = {isa = PBXBuildFile; fileRef = 110386E9142670F200906B82 /* monitor.png */; };
		110386EF1426746A00906B82 /* computer_key_Arrow_Up 4.png in Resources */ = {isa = PBXBuildFile; fileRef = 110386EB1426746A00906B82 /* computer_key_Arrow_Up 4.png */; };
		110386F01426746A00906B82 /* computer_key_Arrow_Up 3.png in Resources */ = {isa = PBXBuildFile; fileRef = 110386EC1426746A00906B82 /* computer_key_Arrow_Up 3.png */; };
		110386F11426746A00906B82 /* computer_key_Arrow_Up 2.png in Resources */ = {isa = PBXBuildFile; fileRef = 110386ED1426746A00906B82 /* computer_key_Arrow_Up 2.png */; };
		110386F21426746A00906B82 /* computer_key_Arrow_Up.png in Resources */ = {isa = PBXBuildFile; fileRef = 110386EE1426746A00906B82 /* computer_key_Arrow_Up.png */; };
		110386F414267A6300906B82 /* Untitled 2.png in Resources */ = {isa = PBXBuildFile; fileRef = 110386F314267A6300906B82 /* Untitled 2.png */; };
		110386FD14267CC300906B82 /* house.png in Resources */ = {isa = PBXBuildFile; fileRef = 110386FC14267CC300906B82 /* house.png */; };
		1181D94D142765F200E8CB78 /* MapKit.framework in Frameworks */ = {isa = PBXBuildFile; fileRef = 1181D94C142765F200E8CB78 /* MapKit.framework */; };
		11A62B861428A9A400223FEE /* BULB02.png in Resources */ = {isa = PBXBuildFile; fileRef = 11A62B851428A9A400223FEE /* BULB02.png */; };
		11A62C141428CCCE00223FEE /* MapViewController.m in Sources */ = {isa = PBXBuildFile; fileRef = 11A62C121428CCCD00223FEE /* MapViewController.m */; };
		11A62C151428CCCE00223FEE /* MapViewController.xib in Resources */ = {isa = PBXBuildFile; fileRef = 11A62C131428CCCD00223FEE /* MapViewController.xib */; };
		11AFE57F1427DB1700B56D08 /* ASINetworkQueue.m in Sources */ = {isa = PBXBuildFile; fileRef = 11AFE56C1427DB1600B56D08 /* ASINetworkQueue.m */; };
		11AFE5801427DB1700B56D08 /* ASIInputStream.m in Sources */ = {isa = PBXBuildFile; fileRef = 11AFE56E1427DB1600B56D08 /* ASIInputStream.m */; };
		11AFE5811427DB1700B56D08 /* ASIHTTPRequest.m in Sources */ = {isa = PBXBuildFile; fileRef = 11AFE5721427DB1600B56D08 /* ASIHTTPRequest.m */; };
		11AFE5821427DB1700B56D08 /* ASIFormDataRequest.m in Sources */ = {isa = PBXBuildFile; fileRef = 11AFE5741427DB1600B56D08 /* ASIFormDataRequest.m */; };
		11AFE5831427DB1700B56D08 /* ASIDownloadCache.m in Sources */ = {isa = PBXBuildFile; fileRef = 11AFE5761427DB1600B56D08 /* ASIDownloadCache.m */; };
		11AFE5841427DB1700B56D08 /* ASIDataDecompressor.m in Sources */ = {isa = PBXBuildFile; fileRef = 11AFE5781427DB1600B56D08 /* ASIDataDecompressor.m */; };
		11AFE5851427DB1700B56D08 /* ASIDataCompressor.m in Sources */ = {isa = PBXBuildFile; fileRef = 11AFE57A1427DB1600B56D08 /* ASIDataCompressor.m */; };
		11AFE5861427DB1700B56D08 /* ASIAuthenticationDialog.m in Sources */ = {isa = PBXBuildFile; fileRef = 11AFE57D1427DB1700B56D08 /* ASIAuthenticationDialog.m */; };
		11AFE58C1427DEC600B56D08 /* CFNetwork.framework in Frameworks */ = {isa = PBXBuildFile; fileRef = 11AFE58B1427DEC600B56D08 /* CFNetwork.framework */; };
		11AFE58E1427DECF00B56D08 /* SystemConfiguration.framework in Frameworks */ = {isa = PBXBuildFile; fileRef = 11AFE58D1427DECF00B56D08 /* SystemConfiguration.framework */; };
		11AFE5901427DEDA00B56D08 /* MobileCoreServices.framework in Frameworks */ = {isa = PBXBuildFile; fileRef = 11AFE58F1427DEDA00B56D08 /* MobileCoreServices.framework */; };
		11AFE5921427DF0400B56D08 /* libz.dylib in Frameworks */ = {isa = PBXBuildFile; fileRef = 11AFE5911427DF0400B56D08 /* libz.dylib */; };
		11AFE5A21427E0B400B56D08 /* README-GHUnit in Resources */ = {isa = PBXBuildFile; fileRef = 11AFE59E1427E0B400B56D08 /* README-GHUnit */; };
		11AFE5A31427E0B400B56D08 /* Reachability.m in Sources */ = {isa = PBXBuildFile; fileRef = 11AFE5A11427E0B400B56D08 /* Reachability.m */; };
		11AFE5A51427E0EE00B56D08 /* CFNetwork.framework in Frameworks */ = {isa = PBXBuildFile; fileRef = 11AFE5A41427E0EE00B56D08 /* CFNetwork.framework */; };
		11AFE5A71427E0FE00B56D08 /* SystemConfiguration.framework in Frameworks */ = {isa = PBXBuildFile; fileRef = 11AFE5A61427E0FD00B56D08 /* SystemConfiguration.framework */; };
		11AFE5A91427E10800B56D08 /* MobileCoreServices.framework in Frameworks */ = {isa = PBXBuildFile; fileRef = 11AFE5A81427E10800B56D08 /* MobileCoreServices.framework */; };
		11AFE5AB1427E11600B56D08 /* libz.dylib in Frameworks */ = {isa = PBXBuildFile; fileRef = 11AFE5AA1427E11600B56D08 /* libz.dylib */; };
/* End PBXBuildFile section */

/* Begin PBXContainerItemProxy section */
		110386C4142668B900906B82 /* PBXContainerItemProxy */ = {
			isa = PBXContainerItemProxy;
			containerPortal = 1103868D142668B700906B82 /* Project object */;
			proxyType = 1;
			remoteGlobalIDString = 11038695142668B800906B82;
			remoteInfo = DemonstratorIOOS2011;
		};
/* End PBXContainerItemProxy section */

/* Begin PBXFileReference section */
		11038696142668B800906B82 /* DemonstratorIOOS2011.app */ = {isa = PBXFileReference; explicitFileType = wrapper.application; includeInIndex = 0; path = DemonstratorIOOS2011.app; sourceTree = BUILT_PRODUCTS_DIR; };
		1103869A142668B800906B82 /* UIKit.framework */ = {isa = PBXFileReference; lastKnownFileType = wrapper.framework; name = UIKit.framework; path = System/Library/Frameworks/UIKit.framework; sourceTree = SDKROOT; };
		1103869C142668B800906B82 /* Foundation.framework */ = {isa = PBXFileReference; lastKnownFileType = wrapper.framework; name = Foundation.framework; path = System/Library/Frameworks/Foundation.framework; sourceTree = SDKROOT; };
		1103869E142668B800906B82 /* CoreGraphics.framework */ = {isa = PBXFileReference; lastKnownFileType = wrapper.framework; name = CoreGraphics.framework; path = System/Library/Frameworks/CoreGraphics.framework; sourceTree = SDKROOT; };
		110386A2142668B800906B82 /* DemonstratorIOOS2011-Info.plist */ = {isa = PBXFileReference; lastKnownFileType = text.plist.xml; path = "DemonstratorIOOS2011-Info.plist"; sourceTree = "<group>"; };
		110386A4142668B800906B82 /* en */ = {isa = PBXFileReference; lastKnownFileType = text.plist.strings; name = en; path = en.lproj/InfoPlist.strings; sourceTree = "<group>"; };
		110386A6142668B800906B82 /* DemonstratorIOOS2011-Prefix.pch */ = {isa = PBXFileReference; lastKnownFileType = sourcecode.c.h; path = "DemonstratorIOOS2011-Prefix.pch"; sourceTree = "<group>"; };
		110386A7142668B800906B82 /* main.m */ = {isa = PBXFileReference; lastKnownFileType = sourcecode.c.objc; path = main.m; sourceTree = "<group>"; };
		110386A9142668B800906B82 /* DemonstratorIOOS2011AppDelegate.h */ = {isa = PBXFileReference; lastKnownFileType = sourcecode.c.h; path = DemonstratorIOOS2011AppDelegate.h; sourceTree = "<group>"; };
		110386AA142668B800906B82 /* DemonstratorIOOS2011AppDelegate.m */ = {isa = PBXFileReference; lastKnownFileType = sourcecode.c.objc; path = DemonstratorIOOS2011AppDelegate.m; sourceTree = "<group>"; };
		110386AD142668B800906B82 /* en */ = {isa = PBXFileReference; lastKnownFileType = file.xib; name = en; path = en.lproj/MainWindow.xib; sourceTree = "<group>"; };
		110386AF142668B800906B82 /* FirstViewController.h */ = {isa = PBXFileReference; lastKnownFileType = sourcecode.c.h; path = FirstViewController.h; sourceTree = "<group>"; };
		110386B0142668B900906B82 /* FirstViewController.m */ = {isa = PBXFileReference; lastKnownFileType = sourcecode.c.objc; path = FirstViewController.m; sourceTree = "<group>"; };
		110386B2142668B900906B82 /* SecondViewController.h */ = {isa = PBXFileReference; lastKnownFileType = sourcecode.c.h; path = SecondViewController.h; sourceTree = "<group>"; };
		110386B3142668B900906B82 /* SecondViewController.m */ = {isa = PBXFileReference; lastKnownFileType = sourcecode.c.objc; path = SecondViewController.m; sourceTree = "<group>"; };
		110386B6142668B900906B82 /* en */ = {isa = PBXFileReference; lastKnownFileType = file.xib; name = en; path = en.lproj/FirstView.xib; sourceTree = "<group>"; };
		110386B9142668B900906B82 /* en */ = {isa = PBXFileReference; lastKnownFileType = file.xib; name = en; path = en.lproj/SecondView.xib; sourceTree = "<group>"; };
		110386C0142668B900906B82 /* DemonstratorIOOS2011Tests.octest */ = {isa = PBXFileReference; explicitFileType = wrapper.cfbundle; includeInIndex = 0; path = DemonstratorIOOS2011Tests.octest; sourceTree = BUILT_PRODUCTS_DIR; };
		110386C8142668B900906B82 /* DemonstratorIOOS2011Tests-Info.plist */ = {isa = PBXFileReference; lastKnownFileType = text.plist.xml; path = "DemonstratorIOOS2011Tests-Info.plist"; sourceTree = "<group>"; };
		110386CA142668B900906B82 /* en */ = {isa = PBXFileReference; lastKnownFileType = text.plist.strings; name = en; path = en.lproj/InfoPlist.strings; sourceTree = "<group>"; };
		110386CC142668B900906B82 /* DemonstratorIOOS2011Tests-Prefix.pch */ = {isa = PBXFileReference; lastKnownFileType = sourcecode.c.h; path = "DemonstratorIOOS2011Tests-Prefix.pch"; sourceTree = "<group>"; };
		110386CD142668B900906B82 /* DemonstratorIOOS2011Tests.h */ = {isa = PBXFileReference; lastKnownFileType = sourcecode.c.h; path = DemonstratorIOOS2011Tests.h; sourceTree = "<group>"; };
		110386CF142668B900906B82 /* DemonstratorIOOS2011Tests.m */ = {isa = PBXFileReference; lastKnownFileType = sourcecode.c.objc; path = DemonstratorIOOS2011Tests.m; sourceTree = "<group>"; };
		110386E314266C5D00906B82 /* ICON.png */ = {isa = PBXFileReference; lastKnownFileType = image.png; path = ICON.png; sourceTree = "<group>"; };
		110386E514266C9A00906B82 /* Default-Portrait~ipad.png */ = {isa = PBXFileReference; lastKnownFileType = image.png; path = "Default-Portrait~ipad.png"; sourceTree = "<group>"; };
		110386E7142670EE00906B82 /* move.png */ = {isa = PBXFileReference; lastKnownFileType = image.png; path = move.png; sourceTree = "<group>"; };
		110386E9142670F200906B82 /* monitor.png */ = {isa = PBXFileReference; lastKnownFileType = image.png; path = monitor.png; sourceTree = "<group>"; };
		110386EB1426746A00906B82 /* computer_key_Arrow_Up 4.png */ = {isa = PBXFileReference; lastKnownFileType = image.png; path = "computer_key_Arrow_Up 4.png"; sourceTree = "<group>"; };
		110386EC1426746A00906B82 /* computer_key_Arrow_Up 3.png */ = {isa = PBXFileReference; lastKnownFileType = image.png; path = "computer_key_Arrow_Up 3.png"; sourceTree = "<group>"; };
		110386ED1426746A00906B82 /* computer_key_Arrow_Up 2.png */ = {isa = PBXFileReference; lastKnownFileType = image.png; path = "computer_key_Arrow_Up 2.png"; sourceTree = "<group>"; };
		110386EE1426746A00906B82 /* computer_key_Arrow_Up.png */ = {isa = PBXFileReference; lastKnownFileType = image.png; path = computer_key_Arrow_Up.png; sourceTree = "<group>"; };
		110386F314267A6300906B82 /* Untitled 2.png */ = {isa = PBXFileReference; lastKnownFileType = image.png; path = "Untitled 2.png"; sourceTree = "<group>"; };
		110386FC14267CC300906B82 /* house.png */ = {isa = PBXFileReference; lastKnownFileType = image.png; path = house.png; sourceTree = "<group>"; };
		1181D94A1427652C00E8CB78 /* MapKit.framework */ = {isa = PBXFileReference; lastKnownFileType = wrapper.framework; name = MapKit.framework; path = System/Library/Frameworks/MapKit.framework; sourceTree = SDKROOT; };
		1181D94C142765F200E8CB78 /* MapKit.framework */ = {isa = PBXFileReference; lastKnownFileType = wrapper.framework; name = MapKit.framework; path = System/Library/Frameworks/MapKit.framework; sourceTree = SDKROOT; };
		11A62B851428A9A400223FEE /* BULB02.png */ = {isa = PBXFileReference; lastKnownFileType = image.png; name = BULB02.png; path = ../../../Desktop/BULB02.png; sourceTree = "<group>"; };
		11A62C111428CCCD00223FEE /* MapViewController.h */ = {isa = PBXFileReference; fileEncoding = 4; lastKnownFileType = sourcecode.c.h; name = MapViewController.h; path = DemonstratorIOOS2011.xcodeproj/MapViewController.h; sourceTree = "<group>"; };
		11A62C121428CCCD00223FEE /* MapViewController.m */ = {isa = PBXFileReference; fileEncoding = 4; lastKnownFileType = sourcecode.c.objc; name = MapViewController.m; path = DemonstratorIOOS2011.xcodeproj/MapViewController.m; sourceTree = "<group>"; };
		11A62C131428CCCD00223FEE /* MapViewController.xib */ = {isa = PBXFileReference; fileEncoding = 4; lastKnownFileType = file.xib; name = MapViewController.xib; path = DemonstratorIOOS2011.xcodeproj/MapViewController.xib; sourceTree = "<group>"; };
		11AFE56B1427DB1600B56D08 /* ASIProgressDelegate.h */ = {isa = PBXFileReference; fileEncoding = 4; lastKnownFileType = sourcecode.c.h; name = ASIProgressDelegate.h; path = "../../../../Downloads/pokeb-asi-http-request-f7fe5c7/Classes/ASIProgressDelegate.h"; sourceTree = "<group>"; };
		11AFE56C1427DB1600B56D08 /* ASINetworkQueue.m */ = {isa = PBXFileReference; fileEncoding = 4; lastKnownFileType = sourcecode.c.objc; name = ASINetworkQueue.m; path = "../../../../Downloads/pokeb-asi-http-request-f7fe5c7/Classes/ASINetworkQueue.m"; sourceTree = "<group>"; };
		11AFE56D1427DB1600B56D08 /* ASINetworkQueue.h */ = {isa = PBXFileReference; fileEncoding = 4; lastKnownFileType = sourcecode.c.h; name = ASINetworkQueue.h; path = "../../../../Downloads/pokeb-asi-http-request-f7fe5c7/Classes/ASINetworkQueue.h"; sourceTree = "<group>"; };
		11AFE56E1427DB1600B56D08 /* ASIInputStream.m */ = {isa = PBXFileReference; fileEncoding = 4; lastKnownFileType = sourcecode.c.objc; name = ASIInputStream.m; path = "../../../../Downloads/pokeb-asi-http-request-f7fe5c7/Classes/ASIInputStream.m"; sourceTree = "<group>"; };
		11AFE56F1427DB1600B56D08 /* ASIInputStream.h */ = {isa = PBXFileReference; fileEncoding = 4; lastKnownFileType = sourcecode.c.h; name = ASIInputStream.h; path = "../../../../Downloads/pokeb-asi-http-request-f7fe5c7/Classes/ASIInputStream.h"; sourceTree = "<group>"; };
		11AFE5701427DB1600B56D08 /* ASIHTTPRequestDelegate.h */ = {isa = PBXFileReference; fileEncoding = 4; lastKnownFileType = sourcecode.c.h; name = ASIHTTPRequestDelegate.h; path = "../../../../Downloads/pokeb-asi-http-request-f7fe5c7/Classes/ASIHTTPRequestDelegate.h"; sourceTree = "<group>"; };
		11AFE5711427DB1600B56D08 /* ASIHTTPRequestConfig.h */ = {isa = PBXFileReference; fileEncoding = 4; lastKnownFileType = sourcecode.c.h; name = ASIHTTPRequestConfig.h; path = "../../../../Downloads/pokeb-asi-http-request-f7fe5c7/Classes/ASIHTTPRequestConfig.h"; sourceTree = "<group>"; };
		11AFE5721427DB1600B56D08 /* ASIHTTPRequest.m */ = {isa = PBXFileReference; fileEncoding = 4; lastKnownFileType = sourcecode.c.objc; name = ASIHTTPRequest.m; path = "../../../../Downloads/pokeb-asi-http-request-f7fe5c7/Classes/ASIHTTPRequest.m"; sourceTree = "<group>"; };
		11AFE5731427DB1600B56D08 /* ASIHTTPRequest.h */ = {isa = PBXFileReference; fileEncoding = 4; lastKnownFileType = sourcecode.c.h; name = ASIHTTPRequest.h; path = "../../../../Downloads/pokeb-asi-http-request-f7fe5c7/Classes/ASIHTTPRequest.h"; sourceTree = "<group>"; };
		11AFE5741427DB1600B56D08 /* ASIFormDataRequest.m */ = {isa = PBXFileReference; fileEncoding = 4; lastKnownFileType = sourcecode.c.objc; name = ASIFormDataRequest.m; path = "../../../../Downloads/pokeb-asi-http-request-f7fe5c7/Classes/ASIFormDataRequest.m"; sourceTree = "<group>"; };
		11AFE5751427DB1600B56D08 /* ASIFormDataRequest.h */ = {isa = PBXFileReference; fileEncoding = 4; lastKnownFileType = sourcecode.c.h; name = ASIFormDataRequest.h; path = "../../../../Downloads/pokeb-asi-http-request-f7fe5c7/Classes/ASIFormDataRequest.h"; sourceTree = "<group>"; };
		11AFE5761427DB1600B56D08 /* ASIDownloadCache.m */ = {isa = PBXFileReference; fileEncoding = 4; lastKnownFileType = sourcecode.c.objc; name = ASIDownloadCache.m; path = "../../../../Downloads/pokeb-asi-http-request-f7fe5c7/Classes/ASIDownloadCache.m"; sourceTree = "<group>"; };
		11AFE5771427DB1600B56D08 /* ASIDownloadCache.h */ = {isa = PBXFileReference; fileEncoding = 4; lastKnownFileType = sourcecode.c.h; name = ASIDownloadCache.h; path = "../../../../Downloads/pokeb-asi-http-request-f7fe5c7/Classes/ASIDownloadCache.h"; sourceTree = "<group>"; };
		11AFE5781427DB1600B56D08 /* ASIDataDecompressor.m */ = {isa = PBXFileReference; fileEncoding = 4; lastKnownFileType = sourcecode.c.objc; name = ASIDataDecompressor.m; path = "../../../../Downloads/pokeb-asi-http-request-f7fe5c7/Classes/ASIDataDecompressor.m"; sourceTree = "<group>"; };
		11AFE5791427DB1600B56D08 /* ASIDataDecompressor.h */ = {isa = PBXFileReference; fileEncoding = 4; lastKnownFileType = sourcecode.c.h; name = ASIDataDecompressor.h; path = "../../../../Downloads/pokeb-asi-http-request-f7fe5c7/Classes/ASIDataDecompressor.h"; sourceTree = "<group>"; };
		11AFE57A1427DB1600B56D08 /* ASIDataCompressor.m */ = {isa = PBXFileReference; fileEncoding = 4; lastKnownFileType = sourcecode.c.objc; name = ASIDataCompressor.m; path = "../../../../Downloads/pokeb-asi-http-request-f7fe5c7/Classes/ASIDataCompressor.m"; sourceTree = "<group>"; };
		11AFE57B1427DB1600B56D08 /* ASIDataCompressor.h */ = {isa = PBXFileReference; fileEncoding = 4; lastKnownFileType = sourcecode.c.h; name = ASIDataCompressor.h; path = "../../../../Downloads/pokeb-asi-http-request-f7fe5c7/Classes/ASIDataCompressor.h"; sourceTree = "<group>"; };
		11AFE57C1427DB1700B56D08 /* ASICacheDelegate.h */ = {isa = PBXFileReference; fileEncoding = 4; lastKnownFileType = sourcecode.c.h; name = ASICacheDelegate.h; path = "../../../../Downloads/pokeb-asi-http-request-f7fe5c7/Classes/ASICacheDelegate.h"; sourceTree = "<group>"; };
		11AFE57D1427DB1700B56D08 /* ASIAuthenticationDialog.m */ = {isa = PBXFileReference; fileEncoding = 4; lastKnownFileType = sourcecode.c.objc; name = ASIAuthenticationDialog.m; path = "../../../../Downloads/pokeb-asi-http-request-f7fe5c7/Classes/ASIAuthenticationDialog.m"; sourceTree = "<group>"; };
		11AFE57E1427DB1700B56D08 /* ASIAuthenticationDialog.h */ = {isa = PBXFileReference; fileEncoding = 4; lastKnownFileType = sourcecode.c.h; name = ASIAuthenticationDialog.h; path = "../../../../Downloads/pokeb-asi-http-request-f7fe5c7/Classes/ASIAuthenticationDialog.h"; sourceTree = "<group>"; };
		11AFE58B1427DEC600B56D08 /* CFNetwork.framework */ = {isa = PBXFileReference; lastKnownFileType = wrapper.framework; name = CFNetwork.framework; path = System/Library/Frameworks/CFNetwork.framework; sourceTree = SDKROOT; };
		11AFE58D1427DECF00B56D08 /* SystemConfiguration.framework */ = {isa = PBXFileReference; lastKnownFileType = wrapper.framework; name = SystemConfiguration.framework; path = System/Library/Frameworks/SystemConfiguration.framework; sourceTree = SDKROOT; };
		11AFE58F1427DEDA00B56D08 /* MobileCoreServices.framework */ = {isa = PBXFileReference; lastKnownFileType = wrapper.framework; name = MobileCoreServices.framework; path = System/Library/Frameworks/MobileCoreServices.framework; sourceTree = SDKROOT; };
		11AFE5911427DF0400B56D08 /* libz.dylib */ = {isa = PBXFileReference; lastKnownFileType = "compiled.mach-o.dylib"; name = libz.dylib; path = usr/lib/libz.dylib; sourceTree = SDKROOT; };
		11AFE59E1427E0B400B56D08 /* README-GHUnit */ = {isa = PBXFileReference; fileEncoding = 4; lastKnownFileType = text; path = "README-GHUnit"; sourceTree = "<group>"; };
		11AFE5A01427E0B400B56D08 /* Reachability.h */ = {isa = PBXFileReference; fileEncoding = 4; lastKnownFileType = sourcecode.c.h; path = Reachability.h; sourceTree = "<group>"; };
		11AFE5A11427E0B400B56D08 /* Reachability.m */ = {isa = PBXFileReference; fileEncoding = 4; lastKnownFileType = sourcecode.c.objc; path = Reachability.m; sourceTree = "<group>"; };
		11AFE5A41427E0EE00B56D08 /* CFNetwork.framework */ = {isa = PBXFileReference; lastKnownFileType = wrapper.framework; name = CFNetwork.framework; path = System/Library/Frameworks/CFNetwork.framework; sourceTree = SDKROOT; };
		11AFE5A61427E0FD00B56D08 /* SystemConfiguration.framework */ = {isa = PBXFileReference; lastKnownFileType = wrapper.framework; name = SystemConfiguration.framework; path = System/Library/Frameworks/SystemConfiguration.framework; sourceTree = SDKROOT; };
		11AFE5A81427E10800B56D08 /* MobileCoreServices.framework */ = {isa = PBXFileReference; lastKnownFileType = wrapper.framework; name = MobileCoreServices.framework; path = System/Library/Frameworks/MobileCoreServices.framework; sourceTree = SDKROOT; };
		11AFE5AA1427E11600B56D08 /* libz.dylib */ = {isa = PBXFileReference; lastKnownFileType = "compiled.mach-o.dylib"; name = libz.dylib; path = usr/lib/libz.dylib; sourceTree = SDKROOT; };
/* End PBXFileReference section */

/* Begin PBXFrameworksBuildPhase section */
		11038693142668B800906B82 /* Frameworks */ = {
			isa = PBXFrameworksBuildPhase;
			buildActionMask = 2147483647;
			files = (
				11AFE5AB1427E11600B56D08 /* libz.dylib in Frameworks */,
				11AFE5A91427E10800B56D08 /* MobileCoreServices.framework in Frameworks */,
				11AFE5A71427E0FE00B56D08 /* SystemConfiguration.framework in Frameworks */,
				11AFE5A51427E0EE00B56D08 /* CFNetwork.framework in Frameworks */,
				1181D94D142765F200E8CB78 /* MapKit.framework in Frameworks */,
				1103869B142668B800906B82 /* UIKit.framework in Frameworks */,
				1103869D142668B800906B82 /* Foundation.framework in Frameworks */,
				1103869F142668B800906B82 /* CoreGraphics.framework in Frameworks */,
			);
			runOnlyForDeploymentPostprocessing = 0;
		};
		110386BC142668B900906B82 /* Frameworks */ = {
			isa = PBXFrameworksBuildPhase;
			buildActionMask = 2147483647;
			files = (
				11AFE5921427DF0400B56D08 /* libz.dylib in Frameworks */,
				11AFE5901427DEDA00B56D08 /* MobileCoreServices.framework in Frameworks */,
				11AFE58E1427DECF00B56D08 /* SystemConfiguration.framework in Frameworks */,
				11AFE58C1427DEC600B56D08 /* CFNetwork.framework in Frameworks */,
				110386C1142668B900906B82 /* UIKit.framework in Frameworks */,
				110386C2142668B900906B82 /* Foundation.framework in Frameworks */,
				110386C3142668B900906B82 /* CoreGraphics.framework in Frameworks */,
			);
			runOnlyForDeploymentPostprocessing = 0;
		};
/* End PBXFrameworksBuildPhase section */

/* Begin PBXGroup section */
		1103868B142668B700906B82 = {
			isa = PBXGroup;
			children = (
				11A62C111428CCCD00223FEE /* MapViewController.h */,
				11A62C121428CCCD00223FEE /* MapViewController.m */,
				11A62C131428CCCD00223FEE /* MapViewController.xib */,
				11AFE5AA1427E11600B56D08 /* libz.dylib */,
				11AFE5A81427E10800B56D08 /* MobileCoreServices.framework */,
				11AFE5A61427E0FD00B56D08 /* SystemConfiguration.framework */,
				11AFE5A41427E0EE00B56D08 /* CFNetwork.framework */,
				11AFE5911427DF0400B56D08 /* libz.dylib */,
				11AFE58F1427DEDA00B56D08 /* MobileCoreServices.framework */,
				11AFE58D1427DECF00B56D08 /* SystemConfiguration.framework */,
				11AFE58B1427DEC600B56D08 /* CFNetwork.framework */,
				1181D94C142765F200E8CB78 /* MapKit.framework */,
				1181D94A1427652C00E8CB78 /* MapKit.framework */,
				110386E514266C9A00906B82 /* Default-Portrait~ipad.png */,
				110386F314267A6300906B82 /* Untitled 2.png */,
				110386FC14267CC300906B82 /* house.png */,
				110386E7142670EE00906B82 /* move.png */,
				110386EB1426746A00906B82 /* computer_key_Arrow_Up 4.png */,
				110386EC1426746A00906B82 /* computer_key_Arrow_Up 3.png */,
				110386ED1426746A00906B82 /* computer_key_Arrow_Up 2.png */,
				11A62B851428A9A400223FEE /* BULB02.png */,
				110386EE1426746A00906B82 /* computer_key_Arrow_Up.png */,
				110386E9142670F200906B82 /* monitor.png */,
				110386E314266C5D00906B82 /* ICON.png */,
				110386A0142668B800906B82 /* DemonstratorIOOS2011 */,
				110386C6142668B900906B82 /* DemonstratorIOOS2011Tests */,
				11038699142668B800906B82 /* Frameworks */,
				11038697142668B800906B82 /* Products */,
			);
			sourceTree = "<group>";
		};
		11038697142668B800906B82 /* Products */ = {
			isa = PBXGroup;
			children = (
				11038696142668B800906B82 /* DemonstratorIOOS2011.app */,
				110386C0142668B900906B82 /* DemonstratorIOOS2011Tests.octest */,
			);
			name = Products;
			sourceTree = "<group>";
		};
		11038699142668B800906B82 /* Frameworks */ = {
			isa = PBXGroup;
			children = (
				1103869A142668B800906B82 /* UIKit.framework */,
				1103869C142668B800906B82 /* Foundation.framework */,
				1103869E142668B800906B82 /* CoreGraphics.framework */,
			);
			name = Frameworks;
			sourceTree = "<group>";
		};
		110386A0142668B800906B82 /* DemonstratorIOOS2011 */ = {
			isa = PBXGroup;
			children = (
				11AFE59C1427E0B400B56D08 /* External */,
				11AFE56B1427DB1600B56D08 /* ASIProgressDelegate.h */,
				11AFE56C1427DB1600B56D08 /* ASINetworkQueue.m */,
				11AFE56D1427DB1600B56D08 /* ASINetworkQueue.h */,
				11AFE56E1427DB1600B56D08 /* ASIInputStream.m */,
				11AFE56F1427DB1600B56D08 /* ASIInputStream.h */,
				11AFE5701427DB1600B56D08 /* ASIHTTPRequestDelegate.h */,
				11AFE5711427DB1600B56D08 /* ASIHTTPRequestConfig.h */,
				11AFE5721427DB1600B56D08 /* ASIHTTPRequest.m */,
				11AFE5731427DB1600B56D08 /* ASIHTTPRequest.h */,
				11AFE5741427DB1600B56D08 /* ASIFormDataRequest.m */,
				11AFE5751427DB1600B56D08 /* ASIFormDataRequest.h */,
				11AFE5761427DB1600B56D08 /* ASIDownloadCache.m */,
				11AFE5771427DB1600B56D08 /* ASIDownloadCache.h */,
				11AFE5781427DB1600B56D08 /* ASIDataDecompressor.m */,
				11AFE5791427DB1600B56D08 /* ASIDataDecompressor.h */,
				11AFE57A1427DB1600B56D08 /* ASIDataCompressor.m */,
				11AFE57B1427DB1600B56D08 /* ASIDataCompressor.h */,
				11AFE57C1427DB1700B56D08 /* ASICacheDelegate.h */,
				11AFE57D1427DB1700B56D08 /* ASIAuthenticationDialog.m */,
				11AFE57E1427DB1700B56D08 /* ASIAuthenticationDialog.h */,
				110386A9142668B800906B82 /* DemonstratorIOOS2011AppDelegate.h */,
				110386AA142668B800906B82 /* DemonstratorIOOS2011AppDelegate.m */,
				110386AC142668B800906B82 /* MainWindow.xib */,
				110386AF142668B800906B82 /* FirstViewController.h */,
				110386B0142668B900906B82 /* FirstViewController.m */,
				110386B2142668B900906B82 /* SecondViewController.h */,
				110386B3142668B900906B82 /* SecondViewController.m */,
				110386B5142668B900906B82 /* FirstView.xib */,
				110386B8142668B900906B82 /* SecondView.xib */,
				110386A1142668B800906B82 /* Supporting Files */,
			);
			path = DemonstratorIOOS2011;
			sourceTree = "<group>";
		};
		110386A1142668B800906B82 /* Supporting Files */ = {
			isa = PBXGroup;
			children = (
				110386A2142668B800906B82 /* DemonstratorIOOS2011-Info.plist */,
				110386A3142668B800906B82 /* InfoPlist.strings */,
				110386A6142668B800906B82 /* DemonstratorIOOS2011-Prefix.pch */,
				110386A7142668B800906B82 /* main.m */,
			);
			name = "Supporting Files";
			sourceTree = "<group>";
		};
		110386C6142668B900906B82 /* DemonstratorIOOS2011Tests */ = {
			isa = PBXGroup;
			children = (
				110386CD142668B900906B82 /* DemonstratorIOOS2011Tests.h */,
				110386CF142668B900906B82 /* DemonstratorIOOS2011Tests.m */,
				110386C7142668B900906B82 /* Supporting Files */,
			);
			path = DemonstratorIOOS2011Tests;
			sourceTree = "<group>";
		};
		110386C7142668B900906B82 /* Supporting Files */ = {
			isa = PBXGroup;
			children = (
				110386C8142668B900906B82 /* DemonstratorIOOS2011Tests-Info.plist */,
				110386C9142668B900906B82 /* InfoPlist.strings */,
				110386CC142668B900906B82 /* DemonstratorIOOS2011Tests-Prefix.pch */,
			);
			name = "Supporting Files";
			sourceTree = "<group>";
		};
		11AFE59C1427E0B400B56D08 /* External */ = {
			isa = PBXGroup;
			children = (
				11AFE59D1427E0B400B56D08 /* GHUnit */,
				11AFE59F1427E0B400B56D08 /* Reachability */,
			);
			name = External;
			path = "../../../../Downloads/pokeb-asi-http-request-f7fe5c7/External";
			sourceTree = "<group>";
		};
		11AFE59D1427E0B400B56D08 /* GHUnit */ = {
			isa = PBXGroup;
			children = (
				11AFE59E1427E0B400B56D08 /* README-GHUnit */,
			);
			path = GHUnit;
			sourceTree = "<group>";
		};
		11AFE59F1427E0B400B56D08 /* Reachability */ = {
			isa = PBXGroup;
			children = (
				11AFE5A01427E0B400B56D08 /* Reachability.h */,
				11AFE5A11427E0B400B56D08 /* Reachability.m */,
			);
			path = Reachability;
			sourceTree = "<group>";
		};
/* End PBXGroup section */

/* Begin PBXNativeTarget section */
		11038695142668B800906B82 /* DemonstratorIOOS2011 */ = {
			isa = PBXNativeTarget;
			buildConfigurationList = 110386D3142668B900906B82 /* Build configuration list for PBXNativeTarget "DemonstratorIOOS2011" */;
			buildPhases = (
				11038692142668B800906B82 /* Sources */,
				11038693142668B800906B82 /* Frameworks */,
				11038694142668B800906B82 /* Resources */,
			);
			buildRules = (
			);
			dependencies = (
			);
			name = DemonstratorIOOS2011;
			productName = DemonstratorIOOS2011;
			productReference = 11038696142668B800906B82 /* DemonstratorIOOS2011.app */;
			productType = "com.apple.product-type.application";
		};
		110386BF142668B900906B82 /* DemonstratorIOOS2011Tests */ = {
			isa = PBXNativeTarget;
			buildConfigurationList = 110386D6142668B900906B82 /* Build configuration list for PBXNativeTarget "DemonstratorIOOS2011Tests" */;
			buildPhases = (
				110386BB142668B900906B82 /* Sources */,
				110386BC142668B900906B82 /* Frameworks */,
				110386BD142668B900906B82 /* Resources */,
				110386BE142668B900906B82 /* ShellScript */,
			);
			buildRules = (
			);
			dependencies = (
				110386C5142668B900906B82 /* PBXTargetDependency */,
			);
			name = DemonstratorIOOS2011Tests;
			productName = DemonstratorIOOS2011Tests;
			productReference = 110386C0142668B900906B82 /* DemonstratorIOOS2011Tests.octest */;
			productType = "com.apple.product-type.bundle";
		};
/* End PBXNativeTarget section */

/* Begin PBXProject section */
		1103868D142668B700906B82 /* Project object */ = {
			isa = PBXProject;
			attributes = {
				ORGANIZATIONNAME = "Intellimare Ltd";
			};
			buildConfigurationList = 11038690142668B700906B82 /* Build configuration list for PBXProject "DemonstratorIOOS2011" */;
			compatibilityVersion = "Xcode 3.2";
			developmentRegion = English;
			hasScannedForEncodings = 0;
			knownRegions = (
				en,
			);
			mainGroup = 1103868B142668B700906B82;
			productRefGroup = 11038697142668B800906B82 /* Products */;
			projectDirPath = "";
			projectRoot = "";
			targets = (
				11038695142668B800906B82 /* DemonstratorIOOS2011 */,
				110386BF142668B900906B82 /* DemonstratorIOOS2011Tests */,
			);
		};
/* End PBXProject section */

/* Begin PBXResourcesBuildPhase section */
		11038694142668B800906B82 /* Resources */ = {
			isa = PBXResourcesBuildPhase;
			buildActionMask = 2147483647;
			files = (
				110386A5142668B800906B82 /* InfoPlist.strings in Resources */,
				110386AE142668B800906B82 /* MainWindow.xib in Resources */,
				110386B7142668B900906B82 /* FirstView.xib in Resources */,
				110386BA142668B900906B82 /* SecondView.xib in Resources */,
				110386E414266C5D00906B82 /* ICON.png in Resources */,
				110386E614266C9A00906B82 /* Default-Portrait~ipad.png in Resources */,
				110386E8142670EE00906B82 /* move.png in Resources */,
				110386EA142670F200906B82 /* monitor.png in Resources */,
				110386EF1426746A00906B82 /* computer_key_Arrow_Up 4.png in Resources */,
				110386F01426746A00906B82 /* computer_key_Arrow_Up 3.png in Resources */,
				110386F11426746A00906B82 /* computer_key_Arrow_Up 2.png in Resources */,
				110386F21426746A00906B82 /* computer_key_Arrow_Up.png in Resources */,
				110386F414267A6300906B82 /* Untitled 2.png in Resources */,
				110386FD14267CC300906B82 /* house.png in Resources */,
				11AFE5A21427E0B400B56D08 /* README-GHUnit in Resources */,
				11A62B861428A9A400223FEE /* BULB02.png in Resources */,
				11A62C151428CCCE00223FEE /* MapViewController.xib in Resources */,
			);
			runOnlyForDeploymentPostprocessing = 0;
		};
		110386BD142668B900906B82 /* Resources */ = {
			isa = PBXResourcesBuildPhase;
			buildActionMask = 2147483647;
			files = (
				110386CB142668B900906B82 /* InfoPlist.strings in Resources */,
				110386CE142668B900906B82 /* DemonstratorIOOS2011Tests.h in Resources */,
			);
			runOnlyForDeploymentPostprocessing = 0;
		};
/* End PBXResourcesBuildPhase section */

/* Begin PBXShellScriptBuildPhase section */
		110386BE142668B900906B82 /* ShellScript */ = {
			isa = PBXShellScriptBuildPhase;
			buildActionMask = 2147483647;
			files = (
			);
			inputPaths = (
			);
			outputPaths = (
			);
			runOnlyForDeploymentPostprocessing = 0;
			shellPath = /bin/sh;
			shellScript = "# Run the unit tests in this test bundle.\n\"${SYSTEM_DEVELOPER_DIR}/Tools/RunUnitTests\"\n";
		};
/* End PBXShellScriptBuildPhase section */

/* Begin PBXSourcesBuildPhase section */
		11038692142668B800906B82 /* Sources */ = {
			isa = PBXSourcesBuildPhase;
			buildActionMask = 2147483647;
			files = (
				110386A8142668B800906B82 /* main.m in Sources */,
				110386AB142668B800906B82 /* DemonstratorIOOS2011AppDelegate.m in Sources */,
				110386B1142668B900906B82 /* FirstViewController.m in Sources */,
				110386B4142668B900906B82 /* SecondViewController.m in Sources */,
				11AFE57F1427DB1700B56D08 /* ASINetworkQueue.m in Sources */,
				11AFE5801427DB1700B56D08 /* ASIInputStream.m in Sources */,
				11AFE5811427DB1700B56D08 /* ASIHTTPRequest.m in Sources */,
				11AFE5821427DB1700B56D08 /* ASIFormDataRequest.m in Sources */,
				11AFE5831427DB1700B56D08 /* ASIDownloadCache.m in Sources */,
				11AFE5841427DB1700B56D08 /* ASIDataDecompressor.m in Sources */,
				11AFE5851427DB1700B56D08 /* ASIDataCompressor.m in Sources */,
				11AFE5861427DB1700B56D08 /* ASIAuthenticationDialog.m in Sources */,
				11AFE5A31427E0B400B56D08 /* Reachability.m in Sources */,
				11A62C141428CCCE00223FEE /* MapViewController.m in Sources */,
			);
			runOnlyForDeploymentPostprocessing = 0;
		};
		110386BB142668B900906B82 /* Sources */ = {
			isa = PBXSourcesBuildPhase;
			buildActionMask = 2147483647;
			files = (
				110386D0142668B900906B82 /* DemonstratorIOOS2011Tests.m in Sources */,
			);
			runOnlyForDeploymentPostprocessing = 0;
		};
/* End PBXSourcesBuildPhase section */

/* Begin PBXTargetDependency section */
		110386C5142668B900906B82 /* PBXTargetDependency */ = {
			isa = PBXTargetDependency;
			target = 11038695142668B800906B82 /* DemonstratorIOOS2011 */;
			targetProxy = 110386C4142668B900906B82 /* PBXContainerItemProxy */;
		};
/* End PBXTargetDependency section */

/* Begin PBXVariantGroup section */
		110386A3142668B800906B82 /* InfoPlist.strings */ = {
			isa = PBXVariantGroup;
			children = (
				110386A4142668B800906B82 /* en */,
			);
			name = InfoPlist.strings;
			sourceTree = "<group>";
		};
		110386AC142668B800906B82 /* MainWindow.xib */ = {
			isa = PBXVariantGroup;
			children = (
				110386AD142668B800906B82 /* en */,
			);
			name = MainWindow.xib;
			sourceTree = "<group>";
		};
		110386B5142668B900906B82 /* FirstView.xib */ = {
			isa = PBXVariantGroup;
			children = (
				110386B6142668B900906B82 /* en */,
			);
			name = FirstView.xib;
			sourceTree = "<group>";
		};
		110386B8142668B900906B82 /* SecondView.xib */ = {
			isa = PBXVariantGroup;
			children = (
				110386B9142668B900906B82 /* en */,
			);
			name = SecondView.xib;
			sourceTree = "<group>";
		};
		110386C9142668B900906B82 /* InfoPlist.strings */ = {
			isa = PBXVariantGroup;
			children = (
				110386CA142668B900906B82 /* en */,
			);
			name = InfoPlist.strings;
			sourceTree = "<group>";
		};
/* End PBXVariantGroup section */

/* Begin XCBuildConfiguration section */
		110386D1142668B900906B82 /* Debug */ = {
			isa = XCBuildConfiguration;
			buildSettings = {
				ARCHS = "$(ARCHS_UNIVERSAL_IPHONE_OS)";
				"CODE_SIGN_IDENTITY[sdk=iphoneos*]" = "iPhone Developer";
				GCC_C_LANGUAGE_STANDARD = gnu99;
				GCC_OPTIMIZATION_LEVEL = 0;
				GCC_PREPROCESSOR_DEFINITIONS = DEBUG;
				GCC_SYMBOLS_PRIVATE_EXTERN = NO;
				GCC_VERSION = com.apple.compilers.llvmgcc42;
				GCC_WARN_ABOUT_RETURN_TYPE = YES;
				GCC_WARN_UNUSED_VARIABLE = YES;
				IPHONEOS_DEPLOYMENT_TARGET = 4.3;
				SDKROOT = iphoneos;
				TARGETED_DEVICE_FAMILY = 2;
			};
			name = Debug;
		};
		110386D2142668B900906B82 /* Release */ = {
			isa = XCBuildConfiguration;
			buildSettings = {
				ARCHS = "$(ARCHS_UNIVERSAL_IPHONE_OS)";
				"CODE_SIGN_IDENTITY[sdk=iphoneos*]" = "iPhone Developer";
				GCC_C_LANGUAGE_STANDARD = gnu99;
				GCC_VERSION = com.apple.compilers.llvmgcc42;
				GCC_WARN_ABOUT_RETURN_TYPE = YES;
				GCC_WARN_UNUSED_VARIABLE = YES;
				IPHONEOS_DEPLOYMENT_TARGET = 4.3;
				OTHER_CFLAGS = "-DNS_BLOCK_ASSERTIONS=1";
				SDKROOT = iphoneos;
				TARGETED_DEVICE_FAMILY = 2;
			};
			name = Release;
		};
		110386D4142668B900906B82 /* Debug */ = {
			isa = XCBuildConfiguration;
			buildSettings = {
				ALWAYS_SEARCH_USER_PATHS = NO;
				COPY_PHASE_STRIP = NO;
				GCC_DYNAMIC_NO_PIC = NO;
				GCC_PRECOMPILE_PREFIX_HEADER = YES;
				GCC_PREFIX_HEADER = "DemonstratorIOOS2011/DemonstratorIOOS2011-Prefix.pch";
				INFOPLIST_FILE = "DemonstratorIOOS2011/DemonstratorIOOS2011-Info.plist";
				PRODUCT_NAME = "$(TARGET_NAME)";
				WRAPPER_EXTENSION = app;
			};
			name = Debug;
		};
		110386D5142668B900906B82 /* Release */ = {
			isa = XCBuildConfiguration;
			buildSettings = {
				ALWAYS_SEARCH_USER_PATHS = NO;
				COPY_PHASE_STRIP = YES;
				GCC_PRECOMPILE_PREFIX_HEADER = YES;
				GCC_PREFIX_HEADER = "DemonstratorIOOS2011/DemonstratorIOOS2011-Prefix.pch";
				INFOPLIST_FILE = "DemonstratorIOOS2011/DemonstratorIOOS2011-Info.plist";
				PRODUCT_NAME = "$(TARGET_NAME)";
				VALIDATE_PRODUCT = YES;
				WRAPPER_EXTENSION = app;
			};
			name = Release;
		};
		110386D7142668B900906B82 /* Debug */ = {
			isa = XCBuildConfiguration;
			buildSettings = {
				ALWAYS_SEARCH_USER_PATHS = NO;
				ARCHS = "$(ARCHS_STANDARD_32_BIT)";
				BUNDLE_LOADER = "$(BUILT_PRODUCTS_DIR)/DemonstratorIOOS2011.app/DemonstratorIOOS2011";
				FRAMEWORK_SEARCH_PATHS = (
					"$(SDKROOT)/Developer/Library/Frameworks",
					"$(DEVELOPER_LIBRARY_DIR)/Frameworks",
				);
				GCC_PRECOMPILE_PREFIX_HEADER = YES;
				GCC_PREFIX_HEADER = "DemonstratorIOOS2011Tests/DemonstratorIOOS2011Tests-Prefix.pch";
				INFOPLIST_FILE = "DemonstratorIOOS2011Tests/DemonstratorIOOS2011Tests-Info.plist";
				OTHER_LDFLAGS = (
					"-framework",
					SenTestingKit,
				);
				PRODUCT_NAME = "$(TARGET_NAME)";
				TEST_HOST = "$(BUNDLE_LOADER)";
				WRAPPER_EXTENSION = octest;
			};
			name = Debug;
		};
		110386D8142668B900906B82 /* Release */ = {
			isa = XCBuildConfiguration;
			buildSettings = {
				ALWAYS_SEARCH_USER_PATHS = NO;
				ARCHS = "$(ARCHS_STANDARD_32_BIT)";
				BUNDLE_LOADER = "$(BUILT_PRODUCTS_DIR)/DemonstratorIOOS2011.app/DemonstratorIOOS2011";
				FRAMEWORK_SEARCH_PATHS = (
					"$(SDKROOT)/Developer/Library/Frameworks",
					"$(DEVELOPER_LIBRARY_DIR)/Frameworks",
				);
				GCC_PRECOMPILE_PREFIX_HEADER = YES;
				GCC_PREFIX_HEADER = "DemonstratorIOOS2011Tests/DemonstratorIOOS2011Tests-Prefix.pch";
				INFOPLIST_FILE = "DemonstratorIOOS2011Tests/DemonstratorIOOS2011Tests-Info.plist";
				OTHER_LDFLAGS = (
					"-framework",
					SenTestingKit,
				);
				PRODUCT_NAME = "$(TARGET_NAME)";
				TEST_HOST = "$(BUNDLE_LOADER)";
				WRAPPER_EXTENSION = octest;
			};
			name = Release;
		};
/* End XCBuildConfiguration section */

/* Begin XCConfigurationList section */
		11038690142668B700906B82 /* Build configuration list for PBXProject "DemonstratorIOOS2011" */ = {
			isa = XCConfigurationList;
			buildConfigurations = (
				110386D1142668B900906B82 /* Debug */,
				110386D2142668B900906B82 /* Release */,
			);
			defaultConfigurationIsVisible = 0;
			defaultConfigurationName = Release;
		};
		110386D3142668B900906B82 /* Build configuration list for PBXNativeTarget "DemonstratorIOOS2011" */ = {
			isa = XCConfigurationList;
			buildConfigurations = (
				110386D4142668B900906B82 /* Debug */,
				110386D5142668B900906B82 /* Release */,
			);
			defaultConfigurationIsVisible = 0;
			defaultConfigurationName = Release;
		};
		110386D6142668B900906B82 /* Build configuration list for PBXNativeTarget "DemonstratorIOOS2011Tests" */ = {
			isa = XCConfigurationList;
			buildConfigurations = (
				110386D7142668B900906B82 /* Debug */,
				110386D8142668B900906B82 /* Release */,
			);
			defaultConfigurationIsVisible = 0;
			defaultConfigurationName = Release;
		};
/* End XCConfigurationList section */
	};
	rootObject = 1103868D142668B700906B82 /* Project object */;
}
